// !$*UTF8*$!
{
	archiveVersion = 1;
	classes = {
	};
	objectVersion = 46;
	objects = {

/* Begin PBXBuildFile section */
		4F61AACE1D8ED7F50020E945 /* AppDelegate.swift in Sources */ = {isa = PBXBuildFile; fileRef = 4F61AACD1D8ED7F50020E945 /* AppDelegate.swift */; };
		4F61AAD01D8ED7F50020E945 /* ViewController.swift in Sources */ = {isa = PBXBuildFile; fileRef = 4F61AACF1D8ED7F50020E945 /* ViewController.swift */; };
		4F61AAD61D8ED7F50020E945 /* CoreTable.xcdatamodeld in Sources */ = {isa = PBXBuildFile; fileRef = 4F61AAD41D8ED7F50020E945 /* CoreTable.xcdatamodeld */; };
		4F61AAD81D8ED7F50020E945 /* Assets.xcassets in Resources */ = {isa = PBXBuildFile; fileRef = 4F61AAD71D8ED7F50020E945 /* Assets.xcassets */; };
		4F61AADB1D8ED7F50020E945 /* LaunchScreen.storyboard in Resources */ = {isa = PBXBuildFile; fileRef = 4F61AAD91D8ED7F50020E945 /* LaunchScreen.storyboard */; };
/* End PBXBuildFile section */

/* Begin PBXFileReference section */
		4F61AACA1D8ED7F50020E945 /* CoreTable.app */ = {isa = PBXFileReference; explicitFileType = wrapper.application; includeInIndex = 0; path = CoreTable.app; sourceTree = BUILT_PRODUCTS_DIR; };
		4F61AACD1D8ED7F50020E945 /* AppDelegate.swift */ = {isa = PBXFileReference; lastKnownFileType = sourcecode.swift; path = AppDelegate.swift; sourceTree = "<group>"; };
		4F61AACF1D8ED7F50020E945 /* ViewController.swift */ = {isa = PBXFileReference; lastKnownFileType = sourcecode.swift; path = ViewController.swift; sourceTree = "<group>"; };
		4F61AAD51D8ED7F50020E945 /* CoreTable.xcdatamodel */ = {isa = PBXFileReference; lastKnownFileType = wrapper.xcdatamodel; path = CoreTable.xcdatamodel; sourceTree = "<group>"; };
		4F61AAD71D8ED7F50020E945 /* Assets.xcassets */ = {isa = PBXFileReference; lastKnownFileType = folder.assetcatalog; path = Assets.xcassets; sourceTree = "<group>"; };
		4F61AADA1D8ED7F50020E945 /* Base */ = {isa = PBXFileReference; lastKnownFileType = file.storyboard; name = Base; path = Base.lproj/LaunchScreen.storyboard; sourceTree = "<group>"; };
		4F61AADC1D8ED7F50020E945 /* Info.plist */ = {isa = PBXFileReference; lastKnownFileType = text.plist.xml; path = Info.plist; sourceTree = "<group>"; };
/* End PBXFileReference section */

/* Begin PBXFrameworksBuildPhase section */
		4F61AAC71D8ED7F50020E945 /* Frameworks */ = {
			isa = PBXFrameworksBuildPhase;
			buildActionMask = 2147483647;
			files = (
			);
			runOnlyForDeploymentPostprocessing = 0;
		};
/* End PBXFrameworksBuildPhase section */

/* Begin PBXGroup section */
		4F61AAC11D8ED7F50020E945 = {
			isa = PBXGroup;
			children = (
				4F61AACC1D8ED7F50020E945 /* CoreTable */,
				4F61AACB1D8ED7F50020E945 /* Products */,
			);
			sourceTree = "<group>";
		};
		4F61AACB1D8ED7F50020E945 /* Products */ = {
			isa = PBXGroup;
			children = (
				4F61AACA1D8ED7F50020E945 /* CoreTable.app */,
			);
			name = Products;
			sourceTree = "<group>";
		};
		4F61AACC1D8ED7F50020E945 /* CoreTable */ = {
			isa = PBXGroup;
			children = (
				4F61AACD1D8ED7F50020E945 /* AppDelegate.swift */,
				4F61AACF1D8ED7F50020E945 /* ViewController.swift */,
				4F61AAD71D8ED7F50020E945 /* Assets.xcassets */,
				4F61AAD91D8ED7F50020E945 /* LaunchScreen.storyboard */,
				4F61AADC1D8ED7F50020E945 /* Info.plist */,
				4F61AAD41D8ED7F50020E945 /* CoreTable.xcdatamodeld */,
			);
			path = CoreTable;
			sourceTree = "<group>";
		};
/* End PBXGroup section */

/* Begin PBXNativeTarget section */
		4F61AAC91D8ED7F50020E945 /* CoreTable */ = {
			isa = PBXNativeTarget;
			buildConfigurationList = 4F61AADF1D8ED7F50020E945 /* Build configuration list for PBXNativeTarget "CoreTable" */;
			buildPhases = (
				4F61AAC61D8ED7F50020E945 /* Sources */,
				4F61AAC71D8ED7F50020E945 /* Frameworks */,
				4F61AAC81D8ED7F50020E945 /* Resources */,
			);
			buildRules = (
			);
			dependencies = (
			);
			name = CoreTable;
			productName = CoreTable;
			productReference = 4F61AACA1D8ED7F50020E945 /* CoreTable.app */;
			productType = "com.apple.product-type.application";
		};
/* End PBXNativeTarget section */

/* Begin PBXProject section */
		4F61AAC21D8ED7F50020E945 /* Project object */ = {
			isa = PBXProject;
			attributes = {
				LastSwiftUpdateCheck = 0800;
				LastUpgradeCheck = 0800;
				ORGANIZATIONNAME = "Lukas Muller";
				TargetAttributes = {
					4F61AAC91D8ED7F50020E945 = {
						CreatedOnToolsVersion = 8.0;
						DevelopmentTeam = Y2DM37C5XR;
						ProvisioningStyle = Automatic;
					};
				};
			};
			buildConfigurationList = 4F61AAC51D8ED7F50020E945 /* Build configuration list for PBXProject "CoreTable" */;
			compatibilityVersion = "Xcode 3.2";
			developmentRegion = English;
			hasScannedForEncodings = 0;
			knownRegions = (
				en,
				Base,
			);
			mainGroup = 4F61AAC11D8ED7F50020E945;
			productRefGroup = 4F61AACB1D8ED7F50020E945 /* Products */;
			projectDirPath = "";
			projectRoot = "";
			targets = (
				4F61AAC91D8ED7F50020E945 /* CoreTable */,
			);
		};
/* End PBXProject section */

/* Begin PBXResourcesBuildPhase section */
		4F61AAC81D8ED7F50020E945 /* Resources */ = {
			isa = PBXResourcesBuildPhase;
			buildActionMask = 2147483647;
			files = (
				4F61AADB1D8ED7F50020E945 /* LaunchScreen.storyboard in Resources */,
				4F61AAD81D8ED7F50020E945 /* Assets.xcassets in Resources */,
			);
			runOnlyForDeploymentPostprocessing = 0;
		};
/* End PBXResourcesBuildPhase section */

/* Begin PBXSourcesBuildPhase section */
		4F61AAC61D8ED7F50020E945 /* Sources */ = {
			isa = PBXSourcesBuildPhase;
			buildActionMask = 2147483647;
			files = (
				4F61AAD01D8ED7F50020E945 /* ViewController.swift in Sources */,
				4F61AAD61D8ED7F50020E945 /* CoreTable.xcdatamodeld in Sources */,
				4F61AACE1D8ED7F50020E945 /* AppDelegate.swift in Sources */,
			);
			runOnlyForDeploymentPostprocessing = 0;
		};
/* End PBXSourcesBuildPhase section */

/* Begin PBXVariantGroup section */
		4F61AAD91D8ED7F50020E945 /* LaunchScreen.storyboard */ = {
			isa = PBXVariantGroup;
			children = (
				4F61AADA1D8ED7F50020E945 /* Base */,
			);
			name = LaunchScreen.storyboard;
			sourceTree = "<group>";
		};
/* End PBXVariantGroup section */

/* Begin XCBuildConfiguration section */
		4F61AADD1D8ED7F50020E945 /* Debug */ = {
			isa = XCBuildConfiguration;
			buildSettings = {
				ALWAYS_SEARCH_USER_PATHS = NO;
				CLANG_ANALYZER_NONNULL = YES;
				CLANG_CXX_LANGUAGE_STANDARD = "gnu++0x";
				CLANG_CXX_LIBRARY = "libc++";
				CLANG_ENABLE_MODULES = YES;
				CLANG_ENABLE_OBJC_ARC = YES;
				CLANG_WARN_BOOL_CONVERSION = YES;
				CLANG_WARN_CONSTANT_CONVERSION = YES;
				CLANG_WARN_DIRECT_OBJC_ISA_USAGE = YES_ERROR;
				CLANG_WARN_DOCUMENTATION_COMMENTS = YES;
				CLANG_WARN_EMPTY_BODY = YES;
				CLANG_WARN_ENUM_CONVERSION = YES;
				CLANG_WARN_INFINITE_RECURSION = YES;
				CLANG_WARN_INT_CONVERSION = YES;
				CLANG_WARN_OBJC_ROOT_CLASS = YES_ERROR;
				CLANG_WARN_SUSPICIOUS_MOVES = YES;
				CLANG_WARN_UNREACHABLE_CODE = YES;
				CLANG_WARN__DUPLICATE_METHOD_MATCH = YES;
				"CODE_SIGN_IDENTITY[sdk=iphoneos*]" = "iPhone Developer";
				COPY_PHASE_STRIP = NO;
				DEBUG_INFORMATION_FORMAT = dwarf;
				ENABLE_STRICT_OBJC_MSGSEND = YES;
				ENABLE_TESTABILITY = YES;
				GCC_C_LANGUAGE_STANDARD = gnu99;
				GCC_DYNAMIC_NO_PIC = NO;
				GCC_NO_COMMON_BLOCKS = YES;
				GCC_OPTIMIZATION_LEVEL = 0;
				GCC_PREPROCESSOR_DEFINITIONS = (
					"DEBUG=1",
					"$(inherited)",
				);
				GCC_WARN_64_TO_32_BIT_CONVERSION = YES;
				GCC_WARN_ABOUT_RETURN_TYPE = YES_ERROR;
				GCC_WARN_UNDECLARED_SELECTOR = YES;
				GCC_WARN_UNINITIALIZED_AUTOS = YES_AGGRESSIVE;
				GCC_WARN_UNUSED_FUNCTION = YES;
				GCC_WARN_UNUSED_VARIABLE = YES;
				IPHONEOS_DEPLOYMENT_TARGET = 10.0;
				MTL_ENABLE_DEBUG_INFO = YES;
				ONLY_ACTIVE_ARCH = YES;
				SDKROOT = iphoneos;
				SWIFT_ACTIVE_COMPILATION_CONDITIONS = DEBUG;
				SWIFT_OPTIMIZATION_LEVEL = "-Onone";
			};
			name = Debug;
		};
		4F61AADE1D8ED7F50020E945 /* Release */ = {
			isa = XCBuildConfiguration;
			buildSettings = {
				ALWAYS_SEARCH_USER_PATHS = NO;
				CLANG_ANALYZER_NONNULL = YES;
				CLANG_CXX_LANGUAGE_STANDARD = "gnu++0x";
				CLANG_CXX_LIBRARY = "libc++";
				CLANG_ENABLE_MODULES = YES;
				CLANG_ENABLE_OBJC_ARC = YES;
				CLANG_WARN_BOOL_CONVERSION = YES;
				CLANG_WARN_CONSTANT_CONVERSION = YES;
				CLANG_WARN_DIRECT_OBJC_ISA_USAGE = YES_ERROR;
				CLANG_WARN_DOCUMENTATION_COMMENTS = YES;
				CLANG_WARN_EMPTY_BODY = YES;
				CLANG_WARN_ENUM_CONVERSION = YES;
				CLANG_WARN_INFINITE_RECURSION = YES;
				CLANG_WARN_INT_CONVERSION = YES;
				CLANG_WARN_OBJC_ROOT_CLASS = YES_ERROR;
				CLANG_WARN_SUSPICIOUS_MOVES = YES;
				CLANG_WARN_UNREACHABLE_CODE = YES;
				CLANG_WARN__DUPLICATE_METHOD_MATCH = YES;
				"CODE_SIGN_IDENTITY[sdk=iphoneos*]" = "iPhone Developer";
				COPY_PHASE_STRIP = NO;
				DEBUG_INFORMATION_FORMAT = "dwarf-with-dsym";
				ENABLE_NS_ASSERTIONS = NO;
				ENABLE_STRICT_OBJC_MSGSEND = YES;
				GCC_C_LANGUAGE_STANDARD = gnu99;
				GCC_NO_COMMON_BLOCKS = YES;
				GCC_WARN_64_TO_32_BIT_CONVERSION = YES;
				GCC_WARN_ABOUT_RETURN_TYPE = YES_ERROR;
				GCC_WARN_UNDECLARED_SELECTOR = YES;
				GCC_WARN_UNINITIALIZED_AUTOS = YES_AGGRESSIVE;
				GCC_WARN_UNUSED_FUNCTION = YES;
				GCC_WARN_UNUSED_VARIABLE = YES;
				IPHONEOS_DEPLOYMENT_TARGET = 10.0;
				MTL_ENABLE_DEBUG_INFO = NO;
				SDKROOT = iphoneos;
				SWIFT_OPTIMIZATION_LEVEL = "-Owholemodule";
				VALIDATE_PRODUCT = YES;
			};
			name = Release;
		};
		4F61AAE01D8ED7F50020E945 /* Debug */ = {
			isa = XCBuildConfiguration;
			buildSettings = {
				ASSETCATALOG_COMPILER_APPICON_NAME = AppIcon;
				"CODE_SIGN_IDENTITY[sdk=iphoneos*]" = "iPhone Developer";
				DEVELOPMENT_TEAM = Y2DM37C5XR;
				INFOPLIST_FILE = CoreTable/Info.plist;
				LD_RUNPATH_SEARCH_PATHS = "$(inherited) @executable_path/Frameworks";
				PRODUCT_BUNDLE_IDENTIFIER = me.miyohiki.CoreTable;
				PRODUCT_NAME = "$(TARGET_NAME)";
				SWIFT_VERSION = 3.0;
				TARGETED_DEVICE_FAMILY = "1,2";
			};
			name = Debug;
		};
		4F61AAE11D8ED7F50020E945 /* Release */ = {
			isa = XCBuildConfiguration;
			buildSettings = {
				ASSETCATALOG_COMPILER_APPICON_NAME = AppIcon;
				"CODE_SIGN_IDENTITY[sdk=iphoneos*]" = "iPhone Developer";
				DEVELOPMENT_TEAM = Y2DM37C5XR;
				INFOPLIST_FILE = CoreTable/Info.plist;
				LD_RUNPATH_SEARCH_PATHS = "$(inherited) @executable_path/Frameworks";
				PRODUCT_BUNDLE_IDENTIFIER = me.miyohiki.CoreTable;
				PRODUCT_NAME = "$(TARGET_NAME)";
				SWIFT_VERSION = 3.0;
				TARGETED_DEVICE_FAMILY = "1,2";
			};
			name = Release;
		};
/* End XCBuildConfiguration section */

/* Begin XCConfigurationList section */
		4F61AAC51D8ED7F50020E945 /* Build configuration list for PBXProject "CoreTable" */ = {
			isa = XCConfigurationList;
			buildConfigurations = (
				4F61AADD1D8ED7F50020E945 /* Debug */,
				4F61AADE1D8ED7F50020E945 /* Release */,
			);
			defaultConfigurationIsVisible = 0;
			defaultConfigurationName = Release;
		};
		4F61AADF1D8ED7F50020E945 /* Build configuration list for PBXNativeTarget "CoreTable" */ = {
			isa = XCConfigurationList;
			buildConfigurations = (
				4F61AAE01D8ED7F50020E945 /* Debug */,
				4F61AAE11D8ED7F50020E945 /* Release */,
			);
			defaultConfigurationIsVisible = 0;
			defaultConfigurationName = Release;
		};
/* End XCConfigurationList section */

/* Begin XCVersionGroup section */
		4F61AAD41D8ED7F50020E945 /* CoreTable.xcdatamodeld */ = {
			isa = XCVersionGroup;
			children = (
				4F61AAD51D8ED7F50020E945 /* CoreTable.xcdatamodel */,
			);
			currentVersion = 4F61AAD51D8ED7F50020E945 /* CoreTable.xcdatamodel */;
			path = CoreTable.xcdatamodeld;
			sourceTree = "<group>";
			versionGroupType = wrapper.xcdatamodel;
		};
/* End XCVersionGroup section */
	};
	rootObject = 4F61AAC21D8ED7F50020E945 /* Project object */;
}
